
Microsoft Visual Studio Solution File, Format Version 12.00
# Visual Studio Version 16
VisualStudioVersion = 16.0.30413.136
MinimumVisualStudioVersion = 10.0.40219.1
Project("{9A19103F-16F7-4668-BE54-9A1E7A4F7556}") = "SharingPark.Model", "SharingPark.Model\SharingPark.Model.csproj", "{12649A1D-84D3-43E2-A9D9-4BAF5EEA3B39}"
EndProject
Project("{9A19103F-16F7-4668-BE54-9A1E7A4F7556}") = "SharingPark.Universal", "SharingPark.Universal\SharingPark.Universal.csproj", "{42E0CC00-2D62-478D-A590-5DD145A84F98}"
EndProject
Project("{9A19103F-16F7-4668-BE54-9A1E7A4F7556}") = "SharingPark.Service", "SharingPark.Service\SharingPark.Service.csproj", "{C393DD7A-0824-471B-9500-4736D1B86CD9}"
EndProject
Project("{9A19103F-16F7-4668-BE54-9A1E7A4F7556}") = "SharingPark.IDAL", "SharingPark.IDAL\SharingPark.IDAL.csproj", "{50D8E2C3-0E46-44F5-863D-FC65A84AD920}"
EndProject
Project("{9A19103F-16F7-4668-BE54-9A1E7A4F7556}") = "SharingPark.DAL", "SharingPark.DAL\SharingPark.DAL.csproj", "{84FB78F9-6E6D-434C-9B95-F305AE223E28}"
EndProject
Project("{9A19103F-16F7-4668-BE54-9A1E7A4F7556}") = "SharingPark.IBLL", "SharingPark.IBLL\SharingPark.IBLL.csproj", "{0DC80294-D603-4F9E-9531-DF64E520A91C}"
EndProject
Project("{9A19103F-16F7-4668-BE54-9A1E7A4F7556}") = "SharingPark.BLL", "SharingPark.BLL\SharingPark.BLL.csproj", "{1CF743A8-4BBB-4F76-8705-8D2BAA98678F}"
EndProject
Project("{9A19103F-16F7-4668-BE54-9A1E7A4F7556}") = "SharingPark.API", "SharingPark.API\SharingPark.API.csproj", "{B926AFFE-4759-40A2-A440-7B9E23426B5A}"
EndProject
Project("{2150E333-8FDC-42A3-9474-1A3956D46DE8}") = "1.BasicModule", "1.BasicModule", "{B98EBE74-C104-470E-982C-43DC83002BCB}"
EndProject
Project("{2150E333-8FDC-42A3-9474-1A3956D46DE8}") = "2.DALModule", "2.DALModule", "{476C5EA0-8F06-4128-B0D1-9BD10ADCBF60}"
EndProject
Project("{2150E333-8FDC-42A3-9474-1A3956D46DE8}") = "3.BLLModule", "3.BLLModule", "{F0EF25C5-A5E5-41AF-AD5C-6A1A5EC33E75}"
EndProject
Project("{2150E333-8FDC-42A3-9474-1A3956D46DE8}") = "6.UIModule", "6.UIModule", "{F303DEE2-3BCF-488E-837A-95253F1ED706}"
EndProject
Project("{2150E333-8FDC-42A3-9474-1A3956D46DE8}") = "5.APIModule", "5.APIModule", "{49D0B90D-6B6F-4914-B7BC-62CBB7ACBD3D}"
EndProject
Global
	GlobalSection(SolutionConfigurationPlatforms) = preSolution
		Debug|Any CPU = Debug|Any CPU
		Release|Any CPU = Release|Any CPU
	EndGlobalSection
	GlobalSection(ProjectConfigurationPlatforms) = postSolution
		{12649A1D-84D3-43E2-A9D9-4BAF5EEA3B39}.Debug|Any CPU.ActiveCfg = Debug|Any CPU
		{12649A1D-84D3-43E2-A9D9-4BAF5EEA3B39}.Debug|Any CPU.Build.0 = Debug|Any CPU
		{12649A1D-84D3-43E2-A9D9-4BAF5EEA3B39}.Release|Any CPU.ActiveCfg = Release|Any CPU
		{12649A1D-84D3-43E2-A9D9-4BAF5EEA3B39}.Release|Any CPU.Build.0 = Release|Any CPU
		{42E0CC00-2D62-478D-A590-5DD145A84F98}.Debug|Any CPU.ActiveCfg = Debug|Any CPU
		{42E0CC00-2D62-478D-A590-5DD145A84F98}.Debug|Any CPU.Build.0 = Debug|Any CPU
		{42E0CC00-2D62-478D-A590-5DD145A84F98}.Release|Any CPU.ActiveCfg = Release|Any CPU
		{42E0CC00-2D62-478D-A590-5DD145A84F98}.Release|Any CPU.Build.0 = Release|Any CPU
		{C393DD7A-0824-471B-9500-4736D1B86CD9}.Debug|Any CPU.ActiveCfg = Debug|Any CPU
		{C393DD7A-0824-471B-9500-4736D1B86CD9}.Debug|Any CPU.Build.0 = Debug|Any CPU
		{C393DD7A-0824-471B-9500-4736D1B86CD9}.Release|Any CPU.ActiveCfg = Release|Any CPU
		{C393DD7A-0824-471B-9500-4736D1B86CD9}.Release|Any CPU.Build.0 = Release|Any CPU
		{50D8E2C3-0E46-44F5-863D-FC65A84AD920}.Debug|Any CPU.ActiveCfg = Debug|Any CPU
		{50D8E2C3-0E46-44F5-863D-FC65A84AD920}.Debug|Any CPU.Build.0 = Debug|Any CPU
		{50D8E2C3-0E46-44F5-863D-FC65A84AD920}.Release|Any CPU.ActiveCfg = Release|Any CPU
		{50D8E2C3-0E46-44F5-863D-FC65A84AD920}.Release|Any CPU.Build.0 = Release|Any CPU
		{84FB78F9-6E6D-434C-9B95-F305AE223E28}.Debug|Any CPU.ActiveCfg = Debug|Any CPU
		{84FB78F9-6E6D-434C-9B95-F305AE223E28}.Debug|Any CPU.Build.0 = Debug|Any CPU
		{84FB78F9-6E6D-434C-9B95-F305AE223E28}.Release|Any CPU.ActiveCfg = Release|Any CPU
		{84FB78F9-6E6D-434C-9B95-F305AE223E28}.Release|Any CPU.Build.0 = Release|Any CPU
		{0DC80294-D603-4F9E-9531-DF64E520A91C}.Debug|Any CPU.ActiveCfg = Debug|Any CPU
		{0DC80294-D603-4F9E-9531-DF64E520A91C}.Debug|Any CPU.Build.0 = Debug|Any CPU
		{0DC80294-D603-4F9E-9531-DF64E520A91C}.Release|Any CPU.ActiveCfg = Release|Any CPU
		{0DC80294-D603-4F9E-9531-DF64E520A91C}.Release|Any CPU.Build.0 = Release|Any CPU
		{1CF743A8-4BBB-4F76-8705-8D2BAA98678F}.Debug|Any CPU.ActiveCfg = Debug|Any CPU
		{1CF743A8-4BBB-4F76-8705-8D2BAA98678F}.Debug|Any CPU.Build.0 = Debug|Any CPU
		{1CF743A8-4BBB-4F76-8705-8D2BAA98678F}.Release|Any CPU.ActiveCfg = Release|Any CPU
		{1CF743A8-4BBB-4F76-8705-8D2BAA98678F}.Release|Any CPU.Build.0 = Release|Any CPU
		{B926AFFE-4759-40A2-A440-7B9E23426B5A}.Debug|Any CPU.ActiveCfg = Debug|Any CPU
		{B926AFFE-4759-40A2-A440-7B9E23426B5A}.Debug|Any CPU.Build.0 = Debug|Any CPU
		{B926AFFE-4759-40A2-A440-7B9E23426B5A}.Release|Any CPU.ActiveCfg = Release|Any CPU
		{B926AFFE-4759-40A2-A440-7B9E23426B5A}.Release|Any CPU.Build.0 = Release|Any CPU
	EndGlobalSection
	GlobalSection(SolutionProperties) = preSolution
		HideSolutionNode = FALSE
	EndGlobalSection
	GlobalSection(NestedProjects) = preSolution
		{12649A1D-84D3-43E2-A9D9-4BAF5EEA3B39} = {B98EBE74-C104-470E-982C-43DC83002BCB}
		{42E0CC00-2D62-478D-A590-5DD145A84F98} = {B98EBE74-C104-470E-982C-43DC83002BCB}
		{C393DD7A-0824-471B-9500-4736D1B86CD9} = {B98EBE74-C104-470E-982C-43DC83002BCB}
		{50D8E2C3-0E46-44F5-863D-FC65A84AD920} = {476C5EA0-8F06-4128-B0D1-9BD10ADCBF60}
		{84FB78F9-6E6D-434C-9B95-F305AE223E28} = {476C5EA0-8F06-4128-B0D1-9BD10ADCBF60}
		{0DC80294-D603-4F9E-9531-DF64E520A91C} = {F0EF25C5-A5E5-41AF-AD5C-6A1A5EC33E75}
		{1CF743A8-4BBB-4F76-8705-8D2BAA98678F} = {F0EF25C5-A5E5-41AF-AD5C-6A1A5EC33E75}
		{B926AFFE-4759-40A2-A440-7B9E23426B5A} = {49D0B90D-6B6F-4914-B7BC-62CBB7ACBD3D}
	EndGlobalSection
	GlobalSection(ExtensibilityGlobals) = postSolution
		SolutionGuid = {9E4D132B-43D9-46E8-A000-7667A7B2871F}
	EndGlobalSection
EndGlobal
